// !$*UTF8*$!
{
	archiveVersion = 1;
	classes = {
	};
	objectVersion = 50;
	objects = {

/* Begin PBXBuildFile section */
		532EC45F21884DC1009C58E3 /* Dummy.swift in Sources */ = {isa = PBXBuildFile; fileRef = 532EC45E21884DC0009C58E3 /* Dummy.swift */; };
		532EC46621886210009C58E3 /* Sample.m in Sources */ = {isa = PBXBuildFile; fileRef = 532EC46521886210009C58E3 /* Sample.m */; };
		532EC46821886BBF009C58E3 /* 2018-10-30-04-47-0.mov in Resources */ = {isa = PBXBuildFile; fileRef = 532EC46721886BBF009C58E3 /* 2018-10-30-04-47-0.mov */; };
		5384B27921766D3A0077B3AE /* AVCamPreviewView.m in Sources */ = {isa = PBXBuildFile; fileRef = 5384B27821766D3A0077B3AE /* AVCamPreviewView.m */; };
		5384B27C21766DFE0077B3AE /* AVCamCameraViewController.m in Sources */ = {isa = PBXBuildFile; fileRef = 5384B27B21766DFE0077B3AE /* AVCamCameraViewController.m */; };
		5384B27F21766EB30077B3AE /* AVCamPhotoCaptureDelegate.m in Sources */ = {isa = PBXBuildFile; fileRef = 5384B27E21766EB30077B3AE /* AVCamPhotoCaptureDelegate.m */; };
		53908445217934BF000947E4 /* ConversionViewController.m in Sources */ = {isa = PBXBuildFile; fileRef = 53908444217934BF000947E4 /* ConversionViewController.m */; };
		5390844821793830000947E4 /* AAPLPlayerView.m in Sources */ = {isa = PBXBuildFile; fileRef = 5390844721793830000947E4 /* AAPLPlayerView.m */; };
		5390844B21793B42000947E4 /* ElephantSeals.mov in Resources */ = {isa = PBXBuildFile; fileRef = 5390844A21793B42000947E4 /* ElephantSeals.mov */; };
		53BA80AC21756BEA0078DC5E /* AppDelegate.m in Sources */ = {isa = PBXBuildFile; fileRef = 53BA80AB21756BEA0078DC5E /* AppDelegate.m */; };
		53BA80AF21756BEA0078DC5E /* RootViewController.m in Sources */ = {isa = PBXBuildFile; fileRef = 53BA80AE21756BEA0078DC5E /* RootViewController.m */; };
		53BA80B221756BEA0078DC5E /* DataViewController.m in Sources */ = {isa = PBXBuildFile; fileRef = 53BA80B121756BEA0078DC5E /* DataViewController.m */; };
		53BA80B521756BEA0078DC5E /* ModelController.m in Sources */ = {isa = PBXBuildFile; fileRef = 53BA80B421756BEA0078DC5E /* ModelController.m */; };
		53BA80B821756BEA0078DC5E /* Main.storyboard in Resources */ = {isa = PBXBuildFile; fileRef = 53BA80B621756BEA0078DC5E /* Main.storyboard */; };
		53BA80BA21756BEC0078DC5E /* Assets.xcassets in Resources */ = {isa = PBXBuildFile; fileRef = 53BA80B921756BEC0078DC5E /* Assets.xcassets */; };
		53BA80BD21756BEC0078DC5E /* LaunchScreen.storyboard in Resources */ = {isa = PBXBuildFile; fileRef = 53BA80BB21756BEC0078DC5E /* LaunchScreen.storyboard */; };
		53BA80C021756BEC0078DC5E /* main.m in Sources */ = {isa = PBXBuildFile; fileRef = 53BA80BF21756BEC0078DC5E /* main.m */; };
		53BA80C821756F660078DC5E /* SignUpLogInViewController.m in Sources */ = {isa = PBXBuildFile; fileRef = 53BA80C721756F660078DC5E /* SignUpLogInViewController.m */; };
		53BA80CB21756F7B0078DC5E /* TermsViewController.m in Sources */ = {isa = PBXBuildFile; fileRef = 53BA80CA21756F7B0078DC5E /* TermsViewController.m */; };
		7DDE000D21B4E88900820738 /* Message.m in Sources */ = {isa = PBXBuildFile; fileRef = 5303699E2186BD4500ADEDDF /* Message.m */; };
		9A1C45E25AC7372B8E176ACC /* libPods-Conversion.a in Frameworks */ = {isa = PBXBuildFile; fileRef = 8746B7B7C8D30D76E4B9A270 /* libPods-Conversion.a */; };
/* End PBXBuildFile section */

/* Begin PBXFileReference section */
		5303699E2186BD4500ADEDDF /* Message.m */ = {isa = PBXFileReference; fileEncoding = 4; lastKnownFileType = sourcecode.c.objc; path = Message.m; sourceTree = "<group>"; };
		5303699F2186BD4500ADEDDF /* Message.h */ = {isa = PBXFileReference; fileEncoding = 4; lastKnownFileType = sourcecode.c.h; path = Message.h; sourceTree = "<group>"; };
		532EC45D21884DC0009C58E3 /* Conversion-Bridging-Header.h */ = {isa = PBXFileReference; lastKnownFileType = sourcecode.c.h; path = "Conversion-Bridging-Header.h"; sourceTree = "<group>"; };
		532EC45E21884DC0009C58E3 /* Dummy.swift */ = {isa = PBXFileReference; lastKnownFileType = sourcecode.swift; path = Dummy.swift; sourceTree = "<group>"; };
		532EC46421886210009C58E3 /* Sample.h */ = {isa = PBXFileReference; lastKnownFileType = sourcecode.c.h; path = Sample.h; sourceTree = "<group>"; };
		532EC46521886210009C58E3 /* Sample.m */ = {isa = PBXFileReference; lastKnownFileType = sourcecode.c.objc; path = Sample.m; sourceTree = "<group>"; };
		532EC46721886BBF009C58E3 /* 2018-10-30-04-47-0.mov */ = {isa = PBXFileReference; lastKnownFileType = video.quicktime; path = "2018-10-30-04-47-0.mov"; sourceTree = "<group>"; };
		5384B27721766D3A0077B3AE /* AVCamPreviewView.h */ = {isa = PBXFileReference; fileEncoding = 4; lastKnownFileType = sourcecode.c.h; path = AVCamPreviewView.h; sourceTree = "<group>"; };
		5384B27821766D3A0077B3AE /* AVCamPreviewView.m */ = {isa = PBXFileReference; fileEncoding = 4; lastKnownFileType = sourcecode.c.objc; path = AVCamPreviewView.m; sourceTree = "<group>"; };
		5384B27A21766DFD0077B3AE /* AVCamCameraViewController.h */ = {isa = PBXFileReference; fileEncoding = 4; lastKnownFileType = sourcecode.c.h; path = AVCamCameraViewController.h; sourceTree = "<group>"; };
		5384B27B21766DFE0077B3AE /* AVCamCameraViewController.m */ = {isa = PBXFileReference; fileEncoding = 4; lastKnownFileType = sourcecode.c.objc; path = AVCamCameraViewController.m; sourceTree = "<group>"; };
		5384B27D21766EB30077B3AE /* AVCamPhotoCaptureDelegate.h */ = {isa = PBXFileReference; fileEncoding = 4; lastKnownFileType = sourcecode.c.h; path = AVCamPhotoCaptureDelegate.h; sourceTree = "<group>"; };
		5384B27E21766EB30077B3AE /* AVCamPhotoCaptureDelegate.m */ = {isa = PBXFileReference; fileEncoding = 4; lastKnownFileType = sourcecode.c.objc; path = AVCamPhotoCaptureDelegate.m; sourceTree = "<group>"; };
		53908443217934BF000947E4 /* ConversionViewController.h */ = {isa = PBXFileReference; lastKnownFileType = sourcecode.c.h; path = ConversionViewController.h; sourceTree = "<group>"; };
		53908444217934BF000947E4 /* ConversionViewController.m */ = {isa = PBXFileReference; lastKnownFileType = sourcecode.c.objc; path = ConversionViewController.m; sourceTree = "<group>"; };
		5390844621793830000947E4 /* AAPLPlayerView.h */ = {isa = PBXFileReference; fileEncoding = 4; lastKnownFileType = sourcecode.c.h; path = AAPLPlayerView.h; sourceTree = "<group>"; };
		5390844721793830000947E4 /* AAPLPlayerView.m */ = {isa = PBXFileReference; fileEncoding = 4; lastKnownFileType = sourcecode.c.objc; path = AAPLPlayerView.m; sourceTree = "<group>"; };
		5390844A21793B42000947E4 /* ElephantSeals.mov */ = {isa = PBXFileReference; lastKnownFileType = video.quicktime; path = ElephantSeals.mov; sourceTree = "<group>"; };
		53BA80A721756BEA0078DC5E /* MyDigitalCopy.app */ = {isa = PBXFileReference; explicitFileType = wrapper.application; includeInIndex = 0; path = MyDigitalCopy.app; sourceTree = BUILT_PRODUCTS_DIR; };
		53BA80AA21756BEA0078DC5E /* AppDelegate.h */ = {isa = PBXFileReference; lastKnownFileType = sourcecode.c.h; path = AppDelegate.h; sourceTree = "<group>"; };
		53BA80AB21756BEA0078DC5E /* AppDelegate.m */ = {isa = PBXFileReference; lastKnownFileType = sourcecode.c.objc; path = AppDelegate.m; sourceTree = "<group>"; };
		53BA80AD21756BEA0078DC5E /* RootViewController.h */ = {isa = PBXFileReference; lastKnownFileType = sourcecode.c.h; path = RootViewController.h; sourceTree = "<group>"; };
		53BA80AE21756BEA0078DC5E /* RootViewController.m */ = {isa = PBXFileReference; lastKnownFileType = sourcecode.c.objc; path = RootViewController.m; sourceTree = "<group>"; };
		53BA80B021756BEA0078DC5E /* DataViewController.h */ = {isa = PBXFileReference; lastKnownFileType = sourcecode.c.h; path = DataViewController.h; sourceTree = "<group>"; };
		53BA80B121756BEA0078DC5E /* DataViewController.m */ = {isa = PBXFileReference; lastKnownFileType = sourcecode.c.objc; path = DataViewController.m; sourceTree = "<group>"; };
		53BA80B321756BEA0078DC5E /* ModelController.h */ = {isa = PBXFileReference; lastKnownFileType = sourcecode.c.h; path = ModelController.h; sourceTree = "<group>"; };
		53BA80B421756BEA0078DC5E /* ModelController.m */ = {isa = PBXFileReference; lastKnownFileType = sourcecode.c.objc; path = ModelController.m; sourceTree = "<group>"; };
		53BA80B721756BEA0078DC5E /* Base */ = {isa = PBXFileReference; lastKnownFileType = file.storyboard; name = Base; path = Base.lproj/Main.storyboard; sourceTree = "<group>"; };
		53BA80B921756BEC0078DC5E /* Assets.xcassets */ = {isa = PBXFileReference; lastKnownFileType = folder.assetcatalog; path = Assets.xcassets; sourceTree = "<group>"; };
		53BA80BC21756BEC0078DC5E /* Base */ = {isa = PBXFileReference; lastKnownFileType = file.storyboard; name = Base; path = Base.lproj/LaunchScreen.storyboard; sourceTree = "<group>"; };
		53BA80BE21756BEC0078DC5E /* Info.plist */ = {isa = PBXFileReference; lastKnownFileType = text.plist.xml; path = Info.plist; sourceTree = "<group>"; };
		53BA80BF21756BEC0078DC5E /* main.m */ = {isa = PBXFileReference; lastKnownFileType = sourcecode.c.objc; path = main.m; sourceTree = "<group>"; };
		53BA80C621756F660078DC5E /* SignUpLogInViewController.h */ = {isa = PBXFileReference; lastKnownFileType = sourcecode.c.h; path = SignUpLogInViewController.h; sourceTree = "<group>"; };
		53BA80C721756F660078DC5E /* SignUpLogInViewController.m */ = {isa = PBXFileReference; lastKnownFileType = sourcecode.c.objc; path = SignUpLogInViewController.m; sourceTree = "<group>"; };
		53BA80C921756F7B0078DC5E /* TermsViewController.h */ = {isa = PBXFileReference; lastKnownFileType = sourcecode.c.h; path = TermsViewController.h; sourceTree = "<group>"; };
		53BA80CA21756F7B0078DC5E /* TermsViewController.m */ = {isa = PBXFileReference; lastKnownFileType = sourcecode.c.objc; path = TermsViewController.m; sourceTree = "<group>"; };
		8746B7B7C8D30D76E4B9A270 /* libPods-Conversion.a */ = {isa = PBXFileReference; explicitFileType = archive.ar; includeInIndex = 0; path = "libPods-Conversion.a"; sourceTree = BUILT_PRODUCTS_DIR; };
		F1FD679BBEB9C67066B134F9 /* Pods-Conversion.debug.xcconfig */ = {isa = PBXFileReference; includeInIndex = 1; lastKnownFileType = text.xcconfig; name = "Pods-Conversion.debug.xcconfig"; path = "Pods/Target Support Files/Pods-Conversion/Pods-Conversion.debug.xcconfig"; sourceTree = "<group>"; };
		FE0F78957B68E4A4AE4B8DF7 /* Pods-Conversion.release.xcconfig */ = {isa = PBXFileReference; includeInIndex = 1; lastKnownFileType = text.xcconfig; name = "Pods-Conversion.release.xcconfig"; path = "Pods/Target Support Files/Pods-Conversion/Pods-Conversion.release.xcconfig"; sourceTree = "<group>"; };
/* End PBXFileReference section */

/* Begin PBXFrameworksBuildPhase section */
		53BA80A421756BEA0078DC5E /* Frameworks */ = {
			isa = PBXFrameworksBuildPhase;
			buildActionMask = 2147483647;
			files = (
				9A1C45E25AC7372B8E176ACC /* libPods-Conversion.a in Frameworks */,
			);
			runOnlyForDeploymentPostprocessing = 0;
		};
/* End PBXFrameworksBuildPhase section */

/* Begin PBXGroup section */
		30BC9F07070CBF182BBD7D23 /* Pods */ = {
			isa = PBXGroup;
			children = (
				F1FD679BBEB9C67066B134F9 /* Pods-Conversion.debug.xcconfig */,
				FE0F78957B68E4A4AE4B8DF7 /* Pods-Conversion.release.xcconfig */,
			);
			name = Pods;
			sourceTree = "<group>";
		};
		5390844921793B30000947E4 /* sample-video */ = {
			isa = PBXGroup;
			children = (
				532EC46721886BBF009C58E3 /* 2018-10-30-04-47-0.mov */,
				5390844A21793B42000947E4 /* ElephantSeals.mov */,
			);
			path = "sample-video";
			sourceTree = "<group>";
		};
		53BA809E21756BEA0078DC5E = {
			isa = PBXGroup;
			children = (
				53BA80A921756BEA0078DC5E /* Conversion */,
				53BA80A821756BEA0078DC5E /* Products */,
				30BC9F07070CBF182BBD7D23 /* Pods */,
				FCBC7D04C138FE3D8EA3DF3C /* Frameworks */,
			);
			sourceTree = "<group>";
		};
		53BA80A821756BEA0078DC5E /* Products */ = {
			isa = PBXGroup;
			children = (
				53BA80A721756BEA0078DC5E /* MyDigitalCopy.app */,
			);
			name = Products;
			sourceTree = "<group>";
		};
		53BA80A921756BEA0078DC5E /* Conversion */ = {
			isa = PBXGroup;
			children = (
				5390844921793B30000947E4 /* sample-video */,
				5384B27A21766DFD0077B3AE /* AVCamCameraViewController.h */,
				5384B27B21766DFE0077B3AE /* AVCamCameraViewController.m */,
				5384B27721766D3A0077B3AE /* AVCamPreviewView.h */,
				5384B27821766D3A0077B3AE /* AVCamPreviewView.m */,
				5384B27D21766EB30077B3AE /* AVCamPhotoCaptureDelegate.h */,
				5384B27E21766EB30077B3AE /* AVCamPhotoCaptureDelegate.m */,
				53BA80AA21756BEA0078DC5E /* AppDelegate.h */,
				53BA80AB21756BEA0078DC5E /* AppDelegate.m */,
				53BA80AD21756BEA0078DC5E /* RootViewController.h */,
				53BA80AE21756BEA0078DC5E /* RootViewController.m */,
				53BA80B021756BEA0078DC5E /* DataViewController.h */,
				53BA80B121756BEA0078DC5E /* DataViewController.m */,
				53BA80B321756BEA0078DC5E /* ModelController.h */,
				53BA80B421756BEA0078DC5E /* ModelController.m */,
				53BA80B621756BEA0078DC5E /* Main.storyboard */,
				53BA80B921756BEC0078DC5E /* Assets.xcassets */,
				53BA80BB21756BEC0078DC5E /* LaunchScreen.storyboard */,
				53BA80BE21756BEC0078DC5E /* Info.plist */,
				53BA80BF21756BEC0078DC5E /* main.m */,
				5390844621793830000947E4 /* AAPLPlayerView.h */,
				5390844721793830000947E4 /* AAPLPlayerView.m */,
				53BA80C621756F660078DC5E /* SignUpLogInViewController.h */,
				53BA80C721756F660078DC5E /* SignUpLogInViewController.m */,
				53BA80C921756F7B0078DC5E /* TermsViewController.h */,
				53BA80CA21756F7B0078DC5E /* TermsViewController.m */,
				53908443217934BF000947E4 /* ConversionViewController.h */,
				53908444217934BF000947E4 /* ConversionViewController.m */,
				5303699F2186BD4500ADEDDF /* Message.h */,
				5303699E2186BD4500ADEDDF /* Message.m */,
				532EC45E21884DC0009C58E3 /* Dummy.swift */,
				532EC45D21884DC0009C58E3 /* Conversion-Bridging-Header.h */,
				532EC46421886210009C58E3 /* Sample.h */,
				532EC46521886210009C58E3 /* Sample.m */,
			);
			path = Conversion;
			sourceTree = "<group>";
		};
		FCBC7D04C138FE3D8EA3DF3C /* Frameworks */ = {
			isa = PBXGroup;
			children = (
				8746B7B7C8D30D76E4B9A270 /* libPods-Conversion.a */,
			);
			name = Frameworks;
			sourceTree = "<group>";
		};
/* End PBXGroup section */

/* Begin PBXNativeTarget section */
		53BA80A621756BEA0078DC5E /* Conversion */ = {
			isa = PBXNativeTarget;
			buildConfigurationList = 53BA80C321756BEC0078DC5E /* Build configuration list for PBXNativeTarget "Conversion" */;
			buildPhases = (
				C0F475DAD7255DD06875E6F3 /* [CP] Check Pods Manifest.lock */,
				53BA80A321756BEA0078DC5E /* Sources */,
				53BA80A421756BEA0078DC5E /* Frameworks */,
				53BA80A521756BEA0078DC5E /* Resources */,
				1BCA1CD977CA4042A0AAFB74 /* [CP] Copy Pods Resources */,
			);
			buildRules = (
			);
			dependencies = (
			);
			name = Conversion;
			productName = Conversion;
			productReference = 53BA80A721756BEA0078DC5E /* MyDigitalCopy.app */;
			productType = "com.apple.product-type.application";
		};
/* End PBXNativeTarget section */

/* Begin PBXProject section */
		53BA809F21756BEA0078DC5E /* Project object */ = {
			isa = PBXProject;
			attributes = {
				LastUpgradeCheck = 1000;
				ORGANIZATIONNAME = "U. of Arizona";
				TargetAttributes = {
					53BA80A621756BEA0078DC5E = {
						CreatedOnToolsVersion = 10.0;
						LastSwiftMigration = 1000;
						SystemCapabilities = {
							com.apple.BackgroundModes = {
								enabled = 1;
							};
						};
					};
				};
			};
			buildConfigurationList = 53BA80A221756BEA0078DC5E /* Build configuration list for PBXProject "Conversion" */;
			compatibilityVersion = "Xcode 9.3";
			developmentRegion = en;
			hasScannedForEncodings = 0;
			knownRegions = (
				en,
				Base,
			);
			mainGroup = 53BA809E21756BEA0078DC5E;
			productRefGroup = 53BA80A821756BEA0078DC5E /* Products */;
			projectDirPath = "";
			projectRoot = "";
			targets = (
				53BA80A621756BEA0078DC5E /* Conversion */,
			);
		};
/* End PBXProject section */

/* Begin PBXResourcesBuildPhase section */
		53BA80A521756BEA0078DC5E /* Resources */ = {
			isa = PBXResourcesBuildPhase;
			buildActionMask = 2147483647;
			files = (
				532EC46821886BBF009C58E3 /* 2018-10-30-04-47-0.mov in Resources */,
				53BA80BD21756BEC0078DC5E /* LaunchScreen.storyboard in Resources */,
				53BA80BA21756BEC0078DC5E /* Assets.xcassets in Resources */,
				5390844B21793B42000947E4 /* ElephantSeals.mov in Resources */,
				53BA80B821756BEA0078DC5E /* Main.storyboard in Resources */,
			);
			runOnlyForDeploymentPostprocessing = 0;
		};
/* End PBXResourcesBuildPhase section */

/* Begin PBXShellScriptBuildPhase section */
		1BCA1CD977CA4042A0AAFB74 /* [CP] Copy Pods Resources */ = {
			isa = PBXShellScriptBuildPhase;
			buildActionMask = 2147483647;
			files = (
			);
			inputFileListPaths = (
			);
			inputPaths = (
				"${SRCROOT}/Pods/Target Support Files/Pods-Conversion/Pods-Conversion-resources.sh",
				"${PODS_ROOT}/Parse/Parse/Resources/en.lproj",
				"${PODS_ROOT}/SVProgressHUD/SVProgressHUD/SVProgressHUD.bundle",
			);
			name = "[CP] Copy Pods Resources";
			outputFileListPaths = (
			);
			outputPaths = (
				"${TARGET_BUILD_DIR}/${UNLOCALIZED_RESOURCES_FOLDER_PATH}/en.lproj",
				"${TARGET_BUILD_DIR}/${UNLOCALIZED_RESOURCES_FOLDER_PATH}/SVProgressHUD.bundle",
			);
			runOnlyForDeploymentPostprocessing = 0;
			shellPath = /bin/sh;
			shellScript = "\"${SRCROOT}/Pods/Target Support Files/Pods-Conversion/Pods-Conversion-resources.sh\"\n";
			showEnvVarsInLog = 0;
		};
		C0F475DAD7255DD06875E6F3 /* [CP] Check Pods Manifest.lock */ = {
			isa = PBXShellScriptBuildPhase;
			buildActionMask = 2147483647;
			files = (
			);
			inputFileListPaths = (
			);
			inputPaths = (
				"${PODS_PODFILE_DIR_PATH}/Podfile.lock",
				"${PODS_ROOT}/Manifest.lock",
			);
			name = "[CP] Check Pods Manifest.lock";
			outputFileListPaths = (
			);
			outputPaths = (
				"$(DERIVED_FILE_DIR)/Pods-Conversion-checkManifestLockResult.txt",
			);
			runOnlyForDeploymentPostprocessing = 0;
			shellPath = /bin/sh;
			shellScript = "diff \"${PODS_PODFILE_DIR_PATH}/Podfile.lock\" \"${PODS_ROOT}/Manifest.lock\" > /dev/null\nif [ $? != 0 ] ; then\n    # print error to STDERR\n    echo \"error: The sandbox is not in sync with the Podfile.lock. Run 'pod install' or update your CocoaPods installation.\" >&2\n    exit 1\nfi\n# This output is used by Xcode 'outputs' to avoid re-running this script phase.\necho \"SUCCESS\" > \"${SCRIPT_OUTPUT_FILE_0}\"\n";
			showEnvVarsInLog = 0;
		};
/* End PBXShellScriptBuildPhase section */

/* Begin PBXSourcesBuildPhase section */
		53BA80A321756BEA0078DC5E /* Sources */ = {
			isa = PBXSourcesBuildPhase;
			buildActionMask = 2147483647;
			files = (
				7DDE000D21B4E88900820738 /* Message.m in Sources */,
				532EC45F21884DC1009C58E3 /* Dummy.swift in Sources */,
				53BA80CB21756F7B0078DC5E /* TermsViewController.m in Sources */,
				532EC46621886210009C58E3 /* Sample.m in Sources */,
				53BA80C821756F660078DC5E /* SignUpLogInViewController.m in Sources */,
				5384B27921766D3A0077B3AE /* AVCamPreviewView.m in Sources */,
				53BA80C021756BEC0078DC5E /* main.m in Sources */,
				53BA80AF21756BEA0078DC5E /* RootViewController.m in Sources */,
				5390844821793830000947E4 /* AAPLPlayerView.m in Sources */,
				5384B27F21766EB30077B3AE /* AVCamPhotoCaptureDelegate.m in Sources */,
				5384B27C21766DFE0077B3AE /* AVCamCameraViewController.m in Sources */,
				53908445217934BF000947E4 /* ConversionViewController.m in Sources */,
				53BA80B521756BEA0078DC5E /* ModelController.m in Sources */,
				53BA80B221756BEA0078DC5E /* DataViewController.m in Sources */,
				53BA80AC21756BEA0078DC5E /* AppDelegate.m in Sources */,
			);
			runOnlyForDeploymentPostprocessing = 0;
		};
/* End PBXSourcesBuildPhase section */

/* Begin PBXVariantGroup section */
		53BA80B621756BEA0078DC5E /* Main.storyboard */ = {
			isa = PBXVariantGroup;
			children = (
				53BA80B721756BEA0078DC5E /* Base */,
			);
			name = Main.storyboard;
			sourceTree = "<group>";
		};
		53BA80BB21756BEC0078DC5E /* LaunchScreen.storyboard */ = {
			isa = PBXVariantGroup;
			children = (
				53BA80BC21756BEC0078DC5E /* Base */,
			);
			name = LaunchScreen.storyboard;
			sourceTree = "<group>";
		};
/* End PBXVariantGroup section */

/* Begin XCBuildConfiguration section */
		53BA80C121756BEC0078DC5E /* Debug */ = {
			isa = XCBuildConfiguration;
			buildSettings = {
				ALWAYS_SEARCH_USER_PATHS = NO;
				CLANG_ANALYZER_NONNULL = YES;
				CLANG_ANALYZER_NUMBER_OBJECT_CONVERSION = YES_AGGRESSIVE;
				CLANG_CXX_LANGUAGE_STANDARD = "gnu++14";
				CLANG_CXX_LIBRARY = "libc++";
				CLANG_ENABLE_MODULES = YES;
				CLANG_ENABLE_OBJC_ARC = YES;
				CLANG_ENABLE_OBJC_WEAK = YES;
				CLANG_WARN_BLOCK_CAPTURE_AUTORELEASING = YES;
				CLANG_WARN_BOOL_CONVERSION = YES;
				CLANG_WARN_COMMA = YES;
				CLANG_WARN_CONSTANT_CONVERSION = YES;
				CLANG_WARN_DEPRECATED_OBJC_IMPLEMENTATIONS = YES;
				CLANG_WARN_DIRECT_OBJC_ISA_USAGE = YES_ERROR;
				CLANG_WARN_DOCUMENTATION_COMMENTS = YES;
				CLANG_WARN_EMPTY_BODY = YES;
				CLANG_WARN_ENUM_CONVERSION = YES;
				CLANG_WARN_INFINITE_RECURSION = YES;
				CLANG_WARN_INT_CONVERSION = YES;
				CLANG_WARN_NON_LITERAL_NULL_CONVERSION = YES;
				CLANG_WARN_OBJC_IMPLICIT_RETAIN_SELF = YES;
				CLANG_WARN_OBJC_LITERAL_CONVERSION = YES;
				CLANG_WARN_OBJC_ROOT_CLASS = YES_ERROR;
				CLANG_WARN_RANGE_LOOP_ANALYSIS = YES;
				CLANG_WARN_STRICT_PROTOTYPES = YES;
				CLANG_WARN_SUSPICIOUS_MOVE = YES;
				CLANG_WARN_UNGUARDED_AVAILABILITY = YES_AGGRESSIVE;
				CLANG_WARN_UNREACHABLE_CODE = YES;
				CLANG_WARN__DUPLICATE_METHOD_MATCH = YES;
				CODE_SIGN_IDENTITY = "iPhone Developer";
				COPY_PHASE_STRIP = NO;
				DEBUG_INFORMATION_FORMAT = dwarf;
				ENABLE_STRICT_OBJC_MSGSEND = YES;
				ENABLE_TESTABILITY = YES;
				GCC_C_LANGUAGE_STANDARD = gnu11;
				GCC_DYNAMIC_NO_PIC = NO;
				GCC_NO_COMMON_BLOCKS = YES;
				GCC_OPTIMIZATION_LEVEL = 0;
				GCC_PREPROCESSOR_DEFINITIONS = (
					"DEBUG=1",
					"$(inherited)",
				);
				GCC_WARN_64_TO_32_BIT_CONVERSION = YES;
				GCC_WARN_ABOUT_RETURN_TYPE = YES_ERROR;
				GCC_WARN_UNDECLARED_SELECTOR = YES;
				GCC_WARN_UNINITIALIZED_AUTOS = YES_AGGRESSIVE;
				GCC_WARN_UNUSED_FUNCTION = YES;
				GCC_WARN_UNUSED_VARIABLE = YES;
				IPHONEOS_DEPLOYMENT_TARGET = 12.0;
				MTL_ENABLE_DEBUG_INFO = INCLUDE_SOURCE;
				MTL_FAST_MATH = YES;
				ONLY_ACTIVE_ARCH = YES;
				SDKROOT = iphoneos;
			};
			name = Debug;
		};
		53BA80C221756BEC0078DC5E /* Release */ = {
			isa = XCBuildConfiguration;
			buildSettings = {
				ALWAYS_SEARCH_USER_PATHS = NO;
				CLANG_ANALYZER_NONNULL = YES;
				CLANG_ANALYZER_NUMBER_OBJECT_CONVERSION = YES_AGGRESSIVE;
				CLANG_CXX_LANGUAGE_STANDARD = "gnu++14";
				CLANG_CXX_LIBRARY = "libc++";
				CLANG_ENABLE_MODULES = YES;
				CLANG_ENABLE_OBJC_ARC = YES;
				CLANG_ENABLE_OBJC_WEAK = YES;
				CLANG_WARN_BLOCK_CAPTURE_AUTORELEASING = YES;
				CLANG_WARN_BOOL_CONVERSION = YES;
				CLANG_WARN_COMMA = YES;
				CLANG_WARN_CONSTANT_CONVERSION = YES;
				CLANG_WARN_DEPRECATED_OBJC_IMPLEMENTATIONS = YES;
				CLANG_WARN_DIRECT_OBJC_ISA_USAGE = YES_ERROR;
				CLANG_WARN_DOCUMENTATION_COMMENTS = YES;
				CLANG_WARN_EMPTY_BODY = YES;
				CLANG_WARN_ENUM_CONVERSION = YES;
				CLANG_WARN_INFINITE_RECURSION = YES;
				CLANG_WARN_INT_CONVERSION = YES;
				CLANG_WARN_NON_LITERAL_NULL_CONVERSION = YES;
				CLANG_WARN_OBJC_IMPLICIT_RETAIN_SELF = YES;
				CLANG_WARN_OBJC_LITERAL_CONVERSION = YES;
				CLANG_WARN_OBJC_ROOT_CLASS = YES_ERROR;
				CLANG_WARN_RANGE_LOOP_ANALYSIS = YES;
				CLANG_WARN_STRICT_PROTOTYPES = YES;
				CLANG_WARN_SUSPICIOUS_MOVE = YES;
				CLANG_WARN_UNGUARDED_AVAILABILITY = YES_AGGRESSIVE;
				CLANG_WARN_UNREACHABLE_CODE = YES;
				CLANG_WARN__DUPLICATE_METHOD_MATCH = YES;
				CODE_SIGN_IDENTITY = "iPhone Developer";
				COPY_PHASE_STRIP = NO;
				DEBUG_INFORMATION_FORMAT = "dwarf-with-dsym";
				ENABLE_NS_ASSERTIONS = NO;
				ENABLE_STRICT_OBJC_MSGSEND = YES;
				GCC_C_LANGUAGE_STANDARD = gnu11;
				GCC_NO_COMMON_BLOCKS = YES;
				GCC_WARN_64_TO_32_BIT_CONVERSION = YES;
				GCC_WARN_ABOUT_RETURN_TYPE = YES_ERROR;
				GCC_WARN_UNDECLARED_SELECTOR = YES;
				GCC_WARN_UNINITIALIZED_AUTOS = YES_AGGRESSIVE;
				GCC_WARN_UNUSED_FUNCTION = YES;
				GCC_WARN_UNUSED_VARIABLE = YES;
				IPHONEOS_DEPLOYMENT_TARGET = 12.0;
				MTL_ENABLE_DEBUG_INFO = NO;
				MTL_FAST_MATH = YES;
				SDKROOT = iphoneos;
				VALIDATE_PRODUCT = YES;
			};
			name = Release;
		};
		53BA80C421756BEC0078DC5E /* Debug */ = {
			isa = XCBuildConfiguration;
			baseConfigurationReference = F1FD679BBEB9C67066B134F9 /* Pods-Conversion.debug.xcconfig */;
			buildSettings = {
				ASSETCATALOG_COMPILER_APPICON_NAME = AppIcon;
				CLANG_ENABLE_MODULES = YES;
				CODE_SIGN_IDENTITY = "iPhone Developer";
				CODE_SIGN_STYLE = Automatic;
				DEVELOPMENT_TEAM = 4AUGV3XFR6;
				INFOPLIST_FILE = Conversion/Info.plist;
				LD_RUNPATH_SEARCH_PATHS = (
					"$(inherited)",
					"@executable_path/Frameworks",
				);
				PRODUCT_BUNDLE_IDENTIFIER = edu.arizona.mydigitalcopy;
				PRODUCT_NAME = MyDigitalCopy;
				PROVISIONING_PROFILE_SPECIFIER = "";
				SWIFT_OBJC_BRIDGING_HEADER = "Conversion/Conversion-Bridging-Header.h";
				SWIFT_OPTIMIZATION_LEVEL = "-Onone";
				SWIFT_VERSION = 4.2;
				TARGETED_DEVICE_FAMILY = "1,2";
			};
			name = Debug;
		};
		53BA80C521756BEC0078DC5E /* Release */ = {
			isa = XCBuildConfiguration;
			baseConfigurationReference = FE0F78957B68E4A4AE4B8DF7 /* Pods-Conversion.release.xcconfig */;
			buildSettings = {
				ASSETCATALOG_COMPILER_APPICON_NAME = AppIcon;
				CLANG_ENABLE_MODULES = YES;
				CODE_SIGN_IDENTITY = "iPhone Developer";
				CODE_SIGN_STYLE = Automatic;
				DEVELOPMENT_TEAM = 4AUGV3XFR6;
				INFOPLIST_FILE = Conversion/Info.plist;
				LD_RUNPATH_SEARCH_PATHS = (
					"$(inherited)",
					"@executable_path/Frameworks",
				);
				PRODUCT_BUNDLE_IDENTIFIER = edu.arizona.mydigitalcopy;
				PRODUCT_NAME = MyDigitalCopy;
				PROVISIONING_PROFILE_SPECIFIER = "";
				SWIFT_OBJC_BRIDGING_HEADER = "Conversion/Conversion-Bridging-Header.h";
				SWIFT_VERSION = 4.2;
				TARGETED_DEVICE_FAMILY = "1,2";
			};
			name = Release;
		};
/* End XCBuildConfiguration section */

/* Begin XCConfigurationList section */
		53BA80A221756BEA0078DC5E /* Build configuration list for PBXProject "Conversion" */ = {
			isa = XCConfigurationList;
			buildConfigurations = (
				53BA80C121756BEC0078DC5E /* Debug */,
				53BA80C221756BEC0078DC5E /* Release */,
			);
			defaultConfigurationIsVisible = 0;
			defaultConfigurationName = Release;
		};
		53BA80C321756BEC0078DC5E /* Build configuration list for PBXNativeTarget "Conversion" */ = {
			isa = XCConfigurationList;
			buildConfigurations = (
				53BA80C421756BEC0078DC5E /* Debug */,
				53BA80C521756BEC0078DC5E /* Release */,
			);
			defaultConfigurationIsVisible = 0;
			defaultConfigurationName = Release;
		};
/* End XCConfigurationList section */
	};
	rootObject = 53BA809F21756BEA0078DC5E /* Project object */;
}
