// !$*UTF8*$!
{
	archiveVersion = 1;
	classes = {
	};
	objectVersion = 50;
	objects = {

/* Begin PBXBuildFile section */
		53BA80AC21756BEA0078DC5E /* AppDelegate.m in Sources */ = {isa = PBXBuildFile; fileRef = 53BA80AB21756BEA0078DC5E /* AppDelegate.m */; };
		53BA80AF21756BEA0078DC5E /* RootViewController.m in Sources */ = {isa = PBXBuildFile; fileRef = 53BA80AE21756BEA0078DC5E /* RootViewController.m */; };
		53BA80B221756BEA0078DC5E /* DataViewController.m in Sources */ = {isa = PBXBuildFile; fileRef = 53BA80B121756BEA0078DC5E /* DataViewController.m */; };
		53BA80B521756BEA0078DC5E /* ModelController.m in Sources */ = {isa = PBXBuildFile; fileRef = 53BA80B421756BEA0078DC5E /* ModelController.m */; };
		53BA80B821756BEA0078DC5E /* Main.storyboard in Resources */ = {isa = PBXBuildFile; fileRef = 53BA80B621756BEA0078DC5E /* Main.storyboard */; };
		53BA80BA21756BEC0078DC5E /* Assets.xcassets in Resources */ = {isa = PBXBuildFile; fileRef = 53BA80B921756BEC0078DC5E /* Assets.xcassets */; };
		53BA80BD21756BEC0078DC5E /* LaunchScreen.storyboard in Resources */ = {isa = PBXBuildFile; fileRef = 53BA80BB21756BEC0078DC5E /* LaunchScreen.storyboard */; };
		53BA80C021756BEC0078DC5E /* main.m in Sources */ = {isa = PBXBuildFile; fileRef = 53BA80BF21756BEC0078DC5E /* main.m */; };
		53BA80C821756F660078DC5E /* SignUpLogInViewController.m in Sources */ = {isa = PBXBuildFile; fileRef = 53BA80C721756F660078DC5E /* SignUpLogInViewController.m */; };
		53BA80CB21756F7B0078DC5E /* TermsViewController.m in Sources */ = {isa = PBXBuildFile; fileRef = 53BA80CA21756F7B0078DC5E /* TermsViewController.m */; };
/* End PBXBuildFile section */

/* Begin PBXFileReference section */
		53BA80A721756BEA0078DC5E /* Conversion.app */ = {isa = PBXFileReference; explicitFileType = wrapper.application; includeInIndex = 0; path = Conversion.app; sourceTree = BUILT_PRODUCTS_DIR; };
		53BA80AA21756BEA0078DC5E /* AppDelegate.h */ = {isa = PBXFileReference; lastKnownFileType = sourcecode.c.h; path = AppDelegate.h; sourceTree = "<group>"; };
		53BA80AB21756BEA0078DC5E /* AppDelegate.m */ = {isa = PBXFileReference; lastKnownFileType = sourcecode.c.objc; path = AppDelegate.m; sourceTree = "<group>"; };
		53BA80AD21756BEA0078DC5E /* RootViewController.h */ = {isa = PBXFileReference; lastKnownFileType = sourcecode.c.h; path = RootViewController.h; sourceTree = "<group>"; };
		53BA80AE21756BEA0078DC5E /* RootViewController.m */ = {isa = PBXFileReference; lastKnownFileType = sourcecode.c.objc; path = RootViewController.m; sourceTree = "<group>"; };
		53BA80B021756BEA0078DC5E /* DataViewController.h */ = {isa = PBXFileReference; lastKnownFileType = sourcecode.c.h; path = DataViewController.h; sourceTree = "<group>"; };
		53BA80B121756BEA0078DC5E /* DataViewController.m */ = {isa = PBXFileReference; lastKnownFileType = sourcecode.c.objc; path = DataViewController.m; sourceTree = "<group>"; };
		53BA80B321756BEA0078DC5E /* ModelController.h */ = {isa = PBXFileReference; lastKnownFileType = sourcecode.c.h; path = ModelController.h; sourceTree = "<group>"; };
		53BA80B421756BEA0078DC5E /* ModelController.m */ = {isa = PBXFileReference; lastKnownFileType = sourcecode.c.objc; path = ModelController.m; sourceTree = "<group>"; };
		53BA80B721756BEA0078DC5E /* Base */ = {isa = PBXFileReference; lastKnownFileType = file.storyboard; name = Base; path = Base.lproj/Main.storyboard; sourceTree = "<group>"; };
		53BA80B921756BEC0078DC5E /* Assets.xcassets */ = {isa = PBXFileReference; lastKnownFileType = folder.assetcatalog; path = Assets.xcassets; sourceTree = "<group>"; };
		53BA80BC21756BEC0078DC5E /* Base */ = {isa = PBXFileReference; lastKnownFileType = file.storyboard; name = Base; path = Base.lproj/LaunchScreen.storyboard; sourceTree = "<group>"; };
		53BA80BE21756BEC0078DC5E /* Info.plist */ = {isa = PBXFileReference; lastKnownFileType = text.plist.xml; path = Info.plist; sourceTree = "<group>"; };
		53BA80BF21756BEC0078DC5E /* main.m */ = {isa = PBXFileReference; lastKnownFileType = sourcecode.c.objc; path = main.m; sourceTree = "<group>"; };
		53BA80C621756F660078DC5E /* SignUpLogInViewController.h */ = {isa = PBXFileReference; lastKnownFileType = sourcecode.c.h; path = SignUpLogInViewController.h; sourceTree = "<group>"; };
		53BA80C721756F660078DC5E /* SignUpLogInViewController.m */ = {isa = PBXFileReference; lastKnownFileType = sourcecode.c.objc; path = SignUpLogInViewController.m; sourceTree = "<group>"; };
		53BA80C921756F7B0078DC5E /* TermsViewController.h */ = {isa = PBXFileReference; lastKnownFileType = sourcecode.c.h; path = TermsViewController.h; sourceTree = "<group>"; };
		53BA80CA21756F7B0078DC5E /* TermsViewController.m */ = {isa = PBXFileReference; lastKnownFileType = sourcecode.c.objc; path = TermsViewController.m; sourceTree = "<group>"; };
/* End PBXFileReference section */

/* Begin PBXFrameworksBuildPhase section */
		53BA80A421756BEA0078DC5E /* Frameworks */ = {
			isa = PBXFrameworksBuildPhase;
			buildActionMask = 2147483647;
			files = (
			);
			runOnlyForDeploymentPostprocessing = 0;
		};
/* End PBXFrameworksBuildPhase section */

/* Begin PBXGroup section */
		53BA809E21756BEA0078DC5E = {
			isa = PBXGroup;
			children = (
				53BA80A921756BEA0078DC5E /* Conversion */,
				53BA80A821756BEA0078DC5E /* Products */,
			);
			sourceTree = "<group>";
		};
		53BA80A821756BEA0078DC5E /* Products */ = {
			isa = PBXGroup;
			children = (
				53BA80A721756BEA0078DC5E /* Conversion.app */,
			);
			name = Products;
			sourceTree = "<group>";
		};
		53BA80A921756BEA0078DC5E /* Conversion */ = {
			isa = PBXGroup;
			children = (
				53BA80AA21756BEA0078DC5E /* AppDelegate.h */,
				53BA80AB21756BEA0078DC5E /* AppDelegate.m */,
				53BA80AD21756BEA0078DC5E /* RootViewController.h */,
				53BA80AE21756BEA0078DC5E /* RootViewController.m */,
				53BA80B021756BEA0078DC5E /* DataViewController.h */,
				53BA80B121756BEA0078DC5E /* DataViewController.m */,
				53BA80B321756BEA0078DC5E /* ModelController.h */,
				53BA80B421756BEA0078DC5E /* ModelController.m */,
				53BA80B621756BEA0078DC5E /* Main.storyboard */,
				53BA80B921756BEC0078DC5E /* Assets.xcassets */,
				53BA80BB21756BEC0078DC5E /* LaunchScreen.storyboard */,
				53BA80BE21756BEC0078DC5E /* Info.plist */,
				53BA80BF21756BEC0078DC5E /* main.m */,
				53BA80C621756F660078DC5E /* SignUpLogInViewController.h */,
				53BA80C721756F660078DC5E /* SignUpLogInViewController.m */,
				53BA80C921756F7B0078DC5E /* TermsViewController.h */,
				53BA80CA21756F7B0078DC5E /* TermsViewController.m */,
			);
			path = Conversion;
			sourceTree = "<group>";
		};
/* End PBXGroup section */

/* Begin PBXNativeTarget section */
		53BA80A621756BEA0078DC5E /* Conversion */ = {
			isa = PBXNativeTarget;
			buildConfigurationList = 53BA80C321756BEC0078DC5E /* Build configuration list for PBXNativeTarget "Conversion" */;
			buildPhases = (
				53BA80A321756BEA0078DC5E /* Sources */,
				53BA80A421756BEA0078DC5E /* Frameworks */,
				53BA80A521756BEA0078DC5E /* Resources */,
			);
			buildRules = (
			);
			dependencies = (
			);
			name = Conversion;
			productName = Conversion;
			productReference = 53BA80A721756BEA0078DC5E /* Conversion.app */;
			productType = "com.apple.product-type.application";
		};
/* End PBXNativeTarget section */

/* Begin PBXProject section */
		53BA809F21756BEA0078DC5E /* Project object */ = {
			isa = PBXProject;
			attributes = {
				LastUpgradeCheck = 1000;
				ORGANIZATIONNAME = "U. of Arizona";
				TargetAttributes = {
					53BA80A621756BEA0078DC5E = {
						CreatedOnToolsVersion = 10.0;
					};
				};
			};
			buildConfigurationList = 53BA80A221756BEA0078DC5E /* Build configuration list for PBXProject "Conversion" */;
			compatibilityVersion = "Xcode 9.3";
			developmentRegion = en;
			hasScannedForEncodings = 0;
			knownRegions = (
				en,
				Base,
			);
			mainGroup = 53BA809E21756BEA0078DC5E;
			productRefGroup = 53BA80A821756BEA0078DC5E /* Products */;
			projectDirPath = "";
			projectRoot = "";
			targets = (
				53BA80A621756BEA0078DC5E /* Conversion */,
			);
		};
/* End PBXProject section */

/* Begin PBXResourcesBuildPhase section */
		53BA80A521756BEA0078DC5E /* Resources */ = {
			isa = PBXResourcesBuildPhase;
			buildActionMask = 2147483647;
			files = (
				53BA80BD21756BEC0078DC5E /* LaunchScreen.storyboard in Resources */,
				53BA80BA21756BEC0078DC5E /* Assets.xcassets in Resources */,
				53BA80B821756BEA0078DC5E /* Main.storyboard in Resources */,
			);
			runOnlyForDeploymentPostprocessing = 0;
		};
/* End PBXResourcesBuildPhase section */

/* Begin PBXSourcesBuildPhase section */
		53BA80A321756BEA0078DC5E /* Sources */ = {
			isa = PBXSourcesBuildPhase;
			buildActionMask = 2147483647;
			files = (
				53BA80CB21756F7B0078DC5E /* TermsViewController.m in Sources */,
				53BA80C821756F660078DC5E /* SignUpLogInViewController.m in Sources */,
				53BA80C021756BEC0078DC5E /* main.m in Sources */,
				53BA80AF21756BEA0078DC5E /* RootViewController.m in Sources */,
				53BA80B521756BEA0078DC5E /* ModelController.m in Sources */,
				53BA80B221756BEA0078DC5E /* DataViewController.m in Sources */,
				53BA80AC21756BEA0078DC5E /* AppDelegate.m in Sources */,
			);
			runOnlyForDeploymentPostprocessing = 0;
		};
/* End PBXSourcesBuildPhase section */

/* Begin PBXVariantGroup section */
		53BA80B621756BEA0078DC5E /* Main.storyboard */ = {
			isa = PBXVariantGroup;
			children = (
				53BA80B721756BEA0078DC5E /* Base */,
			);
			name = Main.storyboard;
			sourceTree = "<group>";
		};
		53BA80BB21756BEC0078DC5E /* LaunchScreen.storyboard */ = {
			isa = PBXVariantGroup;
			children = (
				53BA80BC21756BEC0078DC5E /* Base */,
			);
			name = LaunchScreen.storyboard;
			sourceTree = "<group>";
		};
/* End PBXVariantGroup section */

/* Begin XCBuildConfiguration section */
		53BA80C121756BEC0078DC5E /* Debug */ = {
			isa = XCBuildConfiguration;
			buildSettings = {
				ALWAYS_SEARCH_USER_PATHS = NO;
				CLANG_ANALYZER_NONNULL = YES;
				CLANG_ANALYZER_NUMBER_OBJECT_CONVERSION = YES_AGGRESSIVE;
				CLANG_CXX_LANGUAGE_STANDARD = "gnu++14";
				CLANG_CXX_LIBRARY = "libc++";
				CLANG_ENABLE_MODULES = YES;
				CLANG_ENABLE_OBJC_ARC = YES;
				CLANG_ENABLE_OBJC_WEAK = YES;
				CLANG_WARN_BLOCK_CAPTURE_AUTORELEASING = YES;
				CLANG_WARN_BOOL_CONVERSION = YES;
				CLANG_WARN_COMMA = YES;
				CLANG_WARN_CONSTANT_CONVERSION = YES;
				CLANG_WARN_DEPRECATED_OBJC_IMPLEMENTATIONS = YES;
				CLANG_WARN_DIRECT_OBJC_ISA_USAGE = YES_ERROR;
				CLANG_WARN_DOCUMENTATION_COMMENTS = YES;
				CLANG_WARN_EMPTY_BODY = YES;
				CLANG_WARN_ENUM_CONVERSION = YES;
				CLANG_WARN_INFINITE_RECURSION = YES;
				CLANG_WARN_INT_CONVERSION = YES;
				CLANG_WARN_NON_LITERAL_NULL_CONVERSION = YES;
				CLANG_WARN_OBJC_IMPLICIT_RETAIN_SELF = YES;
				CLANG_WARN_OBJC_LITERAL_CONVERSION = YES;
				CLANG_WARN_OBJC_ROOT_CLASS = YES_ERROR;
				CLANG_WARN_RANGE_LOOP_ANALYSIS = YES;
				CLANG_WARN_STRICT_PROTOTYPES = YES;
				CLANG_WARN_SUSPICIOUS_MOVE = YES;
				CLANG_WARN_UNGUARDED_AVAILABILITY = YES_AGGRESSIVE;
				CLANG_WARN_UNREACHABLE_CODE = YES;
				CLANG_WARN__DUPLICATE_METHOD_MATCH = YES;
				CODE_SIGN_IDENTITY = "iPhone Developer";
				COPY_PHASE_STRIP = NO;
				DEBUG_INFORMATION_FORMAT = dwarf;
				ENABLE_STRICT_OBJC_MSGSEND = YES;
				ENABLE_TESTABILITY = YES;
				GCC_C_LANGUAGE_STANDARD = gnu11;
				GCC_DYNAMIC_NO_PIC = NO;
				GCC_NO_COMMON_BLOCKS = YES;
				GCC_OPTIMIZATION_LEVEL = 0;
				GCC_PREPROCESSOR_DEFINITIONS = (
					"DEBUG=1",
					"$(inherited)",
				);
				GCC_WARN_64_TO_32_BIT_CONVERSION = YES;
				GCC_WARN_ABOUT_RETURN_TYPE = YES_ERROR;
				GCC_WARN_UNDECLARED_SELECTOR = YES;
				GCC_WARN_UNINITIALIZED_AUTOS = YES_AGGRESSIVE;
				GCC_WARN_UNUSED_FUNCTION = YES;
				GCC_WARN_UNUSED_VARIABLE = YES;
				IPHONEOS_DEPLOYMENT_TARGET = 12.0;
				MTL_ENABLE_DEBUG_INFO = INCLUDE_SOURCE;
				MTL_FAST_MATH = YES;
				ONLY_ACTIVE_ARCH = YES;
				SDKROOT = iphoneos;
			};
			name = Debug;
		};
		53BA80C221756BEC0078DC5E /* Release */ = {
			isa = XCBuildConfiguration;
			buildSettings = {
				ALWAYS_SEARCH_USER_PATHS = NO;
				CLANG_ANALYZER_NONNULL = YES;
				CLANG_ANALYZER_NUMBER_OBJECT_CONVERSION = YES_AGGRESSIVE;
				CLANG_CXX_LANGUAGE_STANDARD = "gnu++14";
				CLANG_CXX_LIBRARY = "libc++";
				CLANG_ENABLE_MODULES = YES;
				CLANG_ENABLE_OBJC_ARC = YES;
				CLANG_ENABLE_OBJC_WEAK = YES;
				CLANG_WARN_BLOCK_CAPTURE_AUTORELEASING = YES;
				CLANG_WARN_BOOL_CONVERSION = YES;
				CLANG_WARN_COMMA = YES;
				CLANG_WARN_CONSTANT_CONVERSION = YES;
				CLANG_WARN_DEPRECATED_OBJC_IMPLEMENTATIONS = YES;
				CLANG_WARN_DIRECT_OBJC_ISA_USAGE = YES_ERROR;
				CLANG_WARN_DOCUMENTATION_COMMENTS = YES;
				CLANG_WARN_EMPTY_BODY = YES;
				CLANG_WARN_ENUM_CONVERSION = YES;
				CLANG_WARN_INFINITE_RECURSION = YES;
				CLANG_WARN_INT_CONVERSION = YES;
				CLANG_WARN_NON_LITERAL_NULL_CONVERSION = YES;
				CLANG_WARN_OBJC_IMPLICIT_RETAIN_SELF = YES;
				CLANG_WARN_OBJC_LITERAL_CONVERSION = YES;
				CLANG_WARN_OBJC_ROOT_CLASS = YES_ERROR;
				CLANG_WARN_RANGE_LOOP_ANALYSIS = YES;
				CLANG_WARN_STRICT_PROTOTYPES = YES;
				CLANG_WARN_SUSPICIOUS_MOVE = YES;
				CLANG_WARN_UNGUARDED_AVAILABILITY = YES_AGGRESSIVE;
				CLANG_WARN_UNREACHABLE_CODE = YES;
				CLANG_WARN__DUPLICATE_METHOD_MATCH = YES;
				CODE_SIGN_IDENTITY = "iPhone Developer";
				COPY_PHASE_STRIP = NO;
				DEBUG_INFORMATION_FORMAT = "dwarf-with-dsym";
				ENABLE_NS_ASSERTIONS = NO;
				ENABLE_STRICT_OBJC_MSGSEND = YES;
				GCC_C_LANGUAGE_STANDARD = gnu11;
				GCC_NO_COMMON_BLOCKS = YES;
				GCC_WARN_64_TO_32_BIT_CONVERSION = YES;
				GCC_WARN_ABOUT_RETURN_TYPE = YES_ERROR;
				GCC_WARN_UNDECLARED_SELECTOR = YES;
				GCC_WARN_UNINITIALIZED_AUTOS = YES_AGGRESSIVE;
				GCC_WARN_UNUSED_FUNCTION = YES;
				GCC_WARN_UNUSED_VARIABLE = YES;
				IPHONEOS_DEPLOYMENT_TARGET = 12.0;
				MTL_ENABLE_DEBUG_INFO = NO;
				MTL_FAST_MATH = YES;
				SDKROOT = iphoneos;
				VALIDATE_PRODUCT = YES;
			};
			name = Release;
		};
		53BA80C421756BEC0078DC5E /* Debug */ = {
			isa = XCBuildConfiguration;
			buildSettings = {
				ASSETCATALOG_COMPILER_APPICON_NAME = AppIcon;
				CODE_SIGN_STYLE = Manual;
				DEVELOPMENT_TEAM = "";
				INFOPLIST_FILE = Conversion/Info.plist;
				LD_RUNPATH_SEARCH_PATHS = (
					"$(inherited)",
					"@executable_path/Frameworks",
				);
				PRODUCT_BUNDLE_IDENTIFIER = edu.ua.drwu.Conversion;
				PRODUCT_NAME = "$(TARGET_NAME)";
				PROVISIONING_PROFILE_SPECIFIER = "";
				TARGETED_DEVICE_FAMILY = "1,2";
			};
			name = Debug;
		};
		53BA80C521756BEC0078DC5E /* Release */ = {
			isa = XCBuildConfiguration;
			buildSettings = {
				ASSETCATALOG_COMPILER_APPICON_NAME = AppIcon;
				CODE_SIGN_STYLE = Manual;
				DEVELOPMENT_TEAM = "";
				INFOPLIST_FILE = Conversion/Info.plist;
				LD_RUNPATH_SEARCH_PATHS = (
					"$(inherited)",
					"@executable_path/Frameworks",
				);
				PRODUCT_BUNDLE_IDENTIFIER = edu.ua.drwu.Conversion;
				PRODUCT_NAME = "$(TARGET_NAME)";
				PROVISIONING_PROFILE_SPECIFIER = "";
				TARGETED_DEVICE_FAMILY = "1,2";
			};
			name = Release;
		};
/* End XCBuildConfiguration section */

/* Begin XCConfigurationList section */
		53BA80A221756BEA0078DC5E /* Build configuration list for PBXProject "Conversion" */ = {
			isa = XCConfigurationList;
			buildConfigurations = (
				53BA80C121756BEC0078DC5E /* Debug */,
				53BA80C221756BEC0078DC5E /* Release */,
			);
			defaultConfigurationIsVisible = 0;
			defaultConfigurationName = Release;
		};
		53BA80C321756BEC0078DC5E /* Build configuration list for PBXNativeTarget "Conversion" */ = {
			isa = XCConfigurationList;
			buildConfigurations = (
				53BA80C421756BEC0078DC5E /* Debug */,
				53BA80C521756BEC0078DC5E /* Release */,
			);
			defaultConfigurationIsVisible = 0;
			defaultConfigurationName = Release;
		};
/* End XCConfigurationList section */
	};
	rootObject = 53BA809F21756BEA0078DC5E /* Project object */;
}
